
Microsoft Visual Studio Solution File, Format Version 12.00
# Visual Studio Version 17
VisualStudioVersion = 17.14.37411.7 d17.14
MinimumVisualStudioVersion = 10.0.40219.1
Project("{FAE04EC0-301F-11D3-BF4B-00C04F79EFBC}") = "ServerExcelRabota", "ServerExcelRabota\ServerExcelRabota.csproj", "{57F6730A-4EE7-4E88-9866-0F1AD40CB615}"
EndProject
Global
	GlobalSection(SolutionConfigurationPlatforms) = preSolution
		Debug|Any CPU = Debug|Any CPU
		Release|Any CPU = Release|Any CPU
	EndGlobalSection
	GlobalSection(ProjectConfigurationPlatforms) = postSolution
		{57F6730A-4EE7-4E88-9866-0F1AD40CB615}.Debug|Any CPU.ActiveCfg = Debug|Any CPU
		{57F6730A-4EE7-4E88-9866-0F1AD40CB615}.Debug|Any CPU.Build.0 = Debug|Any CPU
		{57F6730A-4EE7-4E88-9866-0F1AD40CB615}.Release|Any CPU.ActiveCfg = Release|Any CPU
		{57F6730A-4EE7-4E88-9866-0F1AD40CB615}.Release|Any CPU.Build.0 = Release|Any CPU
	EndGlobalSection
	GlobalSection(SolutionProperties) = preSolution
		HideSolutionNode = FALSE
	EndGlobalSection
	GlobalSection(ExtensibilityGlobals) = postSolution
		SolutionGuid = {26EC37DB-C4E8-40B2-B3D4-5576E9C56CFE}
	EndGlobalSection
EndGlobal
